{
  "projects": [
    {
      "projectId": "eNceDkVszvmjFS7wKy9BUq",
      "version": "latest",
      "dependencies": {
        "58GpZjZCWTaJ8AUhpCwt2K": "3.28.0",
        "5dGW8Awro3qq8Hh5MveXLP": "1.28.0",
        "YUiM7yqBWAqsh8KSnrdj7": "0.33.0",
        "szjgMQpPpxhmkjnaBvZQJG": "2.28.0",
        "pnayxrZQDQNLaMhqWY9Kua": "1.31.0",
        "ohDidvG9XsCeFumugENU3J": "6.29.0",
        "84wxoth5npGrp6RRXPL88z": "4.30.0",
        "gmeH6XgPaBtkt51HunAo4g": "18.14.0"
      },
      "lang": "js",
      "fileLocks": [
        {
          "type": "globalVariant",
          "assetId": "fQQ8YbZX_1Uu",
          "checksum": "569c4aa5ba55f8debe45947345a288bc"
        },
        {
          "type": "renderModule",
          "assetId": "kR264_Rv49qc",
          "checksum": "28a5e9609ab8edaf7def80aee13d227e"
        },
        {
          "type": "cssRules",
          "assetId": "kR264_Rv49qc",
          "checksum": "28a5e9609ab8edaf7def80aee13d227e"
        },
        {
          "type": "renderModule",
          "assetId": "gW9zCTHcS85j",
          "checksum": "6376e4578f998d180d61b7800ddcebe6"
        },
        {
          "type": "cssRules",
          "assetId": "gW9zCTHcS85j",
          "checksum": "6376e4578f998d180d61b7800ddcebe6"
        },
        {
          "assetId": "eNceDkVszvmjFS7wKy9BUq",
          "checksum": "f634daec476b59c1164737995ac0d63e",
          "type": "globalContexts"
        },
        {
          "type": "renderModule",
          "assetId": "2tG6HrVCllrV",
          "checksum": "6abc85abe25384a738b4cbdd00ee7add"
        },
        {
          "type": "cssRules",
          "assetId": "2tG6HrVCllrV",
          "checksum": "6abc85abe25384a738b4cbdd00ee7add"
        },
        {
          "type": "renderModule",
          "assetId": "ORMPIqBKq95K",
          "checksum": "47998fb201654893c9c94b5695aed10e"
        },
        {
          "type": "cssRules",
          "assetId": "ORMPIqBKq95K",
          "checksum": "47998fb201654893c9c94b5695aed10e"
        },
        {
          "type": "renderModule",
          "assetId": "JtcYU1VZMxxH",
          "checksum": "b998ee50e863fbb2ebfdf2a5d92437c2"
        },
        {
          "type": "cssRules",
          "assetId": "JtcYU1VZMxxH",
          "checksum": "b998ee50e863fbb2ebfdf2a5d92437c2"
        },
        {
          "type": "renderModule",
          "assetId": "3-lkUPAuNPl5",
          "checksum": "fc9d0dec99206ebee68d8c0077305195"
        },
        {
          "type": "cssRules",
          "assetId": "3-lkUPAuNPl5",
          "checksum": "fc9d0dec99206ebee68d8c0077305195"
        },
        {
          "type": "icon",
          "assetId": "DCfQZBUR8D6E",
          "checksum": "fa1dfbe9f8a413e2783ce94b544cb2bb"
        },
        {
          "type": "icon",
          "assetId": "PwBcVUJls1-7",
          "checksum": "a7ccda413577298cf1e80e2f9791748c"
        },
        {
          "assetId": "eNceDkVszvmjFS7wKy9BUq",
          "type": "projectCss",
          "checksum": "04ca76136e23302c3e9101fd61104800"
        },
        {
          "type": "renderModule",
          "assetId": "TGVyZN6Qf1qo",
          "checksum": "bdf7dbdf8afb612ed3a6c25189ee338c"
        },
        {
          "type": "cssRules",
          "assetId": "TGVyZN6Qf1qo",
          "checksum": "bdf7dbdf8afb612ed3a6c25189ee338c"
        },
        {
          "type": "renderModule",
          "assetId": "lv_ZEXT3JZzV",
          "checksum": "499e1e715932d671422af7b8806453f2"
        },
        {
          "type": "cssRules",
          "assetId": "lv_ZEXT3JZzV",
          "checksum": "499e1e715932d671422af7b8806453f2"
        },
        {
          "type": "renderModule",
          "assetId": "lL9SoayVyCtn",
          "checksum": "4b2cf104f6cd26e9977b386fab4fbe97"
        },
        {
          "type": "cssRules",
          "assetId": "lL9SoayVyCtn",
          "checksum": "4b2cf104f6cd26e9977b386fab4fbe97"
        },
        {
          "type": "renderModule",
          "assetId": "rcl36Lh1kyKB",
          "checksum": "ed038d4be73fa6712893b2d4094b5cd0"
        },
        {
          "type": "cssRules",
          "assetId": "rcl36Lh1kyKB",
          "checksum": "ed038d4be73fa6712893b2d4094b5cd0"
        },
        {
          "type": "icon",
          "assetId": "tEXJnTcaiv9_",
          "checksum": "d851cac8689075390af4e85e4b2a334e"
        },
        {
          "type": "icon",
          "assetId": "N0xxX2WlXWpR",
          "checksum": "23e27d1bc706e8a0a3a1ed48f723b618"
        },
        {
          "type": "icon",
          "assetId": "Nd98W7jxpbzJ",
          "checksum": "428153e1f2e2b365c3d15d6ee81d1548"
        },
        {
          "type": "icon",
          "assetId": "xbIZeSmoDbb_",
          "checksum": "86077f2cfbc5ab850c7c611cc95932ba"
        },
        {
          "type": "icon",
          "assetId": "jgpnWHI_U-Yy",
          "checksum": "db7496990d24e49b4b4cc1cdb2415bf4"
        },
        {
          "type": "icon",
          "assetId": "WQJiJBXRqimM",
          "checksum": "1fae5f2ca1765a73085c3dd3e4722615"
        },
        {
          "type": "image",
          "assetId": "NZZJhLRFpYKK",
          "checksum": "f91f88e75aca52ab11c05a1041844f10"
        },
        {
          "type": "image",
          "assetId": "C_t9nF4PEFfy",
          "checksum": "effa0bc9ee72929d96ccb480409dc212"
        },
        {
          "type": "image",
          "assetId": "7waTVvfM0Hg7",
          "checksum": "18c8226673ac407e8f7137f7a5fd345e"
        },
        {
          "type": "image",
          "assetId": "5dYcFw9IZNv3",
          "checksum": "fb56a49cc1cece77f4c9ea1b184bcd59"
        },
        {
          "type": "image",
          "assetId": "vYY0WD3808ug",
          "checksum": "a6a5385e8eddcab418039b15943c2904"
        },
        {
          "type": "image",
          "assetId": "EcbIc_xGqX2U",
          "checksum": "74e49342413eeac2e3374b802b151521"
        },
        {
          "type": "image",
          "assetId": "_XcD2jWFtRkc",
          "checksum": "cf21352749329881a0e09e9071fafacc"
        },
        {
          "type": "image",
          "assetId": "iqdeBOVdvZyW",
          "checksum": "461a536555337d276f5efadaf20b1844"
        }
      ],
      "codegenVersion": "0.0.1"
    },
    {
      "projectId": "84wxoth5npGrp6RRXPL88z",
      "version": "4.30.0",
      "dependencies": {},
      "lang": "js",
      "fileLocks": [
        {
          "assetId": "84wxoth5npGrp6RRXPL88z",
          "type": "projectCss",
          "checksum": "aedf7b9afd779b089be209519ad30e96"
        },
        {
          "assetId": "84wxoth5npGrp6RRXPL88z",
          "checksum": "14e34fc8ee04382a88f671116234a1e3",
          "type": "globalContexts"
        }
      ],
      "codegenVersion": "0.0.1"
    },
    {
      "projectId": "ohDidvG9XsCeFumugENU3J",
      "version": "6.29.0",
      "dependencies": {},
      "lang": "js",
      "fileLocks": [
        {
          "assetId": "ohDidvG9XsCeFumugENU3J",
          "type": "projectCss",
          "checksum": "ba2a60a163fca4f4d510275088a2be53"
        },
        {
          "assetId": "ohDidvG9XsCeFumugENU3J",
          "checksum": "de0a0e65174a6a185a8f822af51c6bdd",
          "type": "globalContexts"
        }
      ],
      "codegenVersion": "0.0.1"
    },
    {
      "projectId": "pnayxrZQDQNLaMhqWY9Kua",
      "version": "1.31.0",
      "dependencies": {},
      "lang": "js",
      "fileLocks": [
        {
          "assetId": "pnayxrZQDQNLaMhqWY9Kua",
          "type": "projectCss",
          "checksum": "1c02168c6b23256606111fdfdbb63549"
        },
        {
          "assetId": "pnayxrZQDQNLaMhqWY9Kua",
          "checksum": "7b69a67afb8d3aa9d3b2ec90d4f17197",
          "type": "globalContexts"
        }
      ],
      "codegenVersion": "0.0.1"
    },
    {
      "projectId": "szjgMQpPpxhmkjnaBvZQJG",
      "version": "2.28.0",
      "dependencies": {},
      "lang": "js",
      "fileLocks": [
        {
          "assetId": "szjgMQpPpxhmkjnaBvZQJG",
          "type": "projectCss",
          "checksum": "72ff85f8dbd01d559ad13ce12accad86"
        }
      ],
      "codegenVersion": "0.0.1"
    },
    {
      "projectId": "YUiM7yqBWAqsh8KSnrdj7",
      "version": "0.33.0",
      "dependencies": {},
      "lang": "js",
      "fileLocks": [
        {
          "assetId": "YUiM7yqBWAqsh8KSnrdj7",
          "type": "projectCss",
          "checksum": "21b499a9da4edbc2266c72c2ba127787"
        }
      ],
      "codegenVersion": "0.0.1"
    },
    {
      "projectId": "5dGW8Awro3qq8Hh5MveXLP",
      "version": "1.28.0",
      "dependencies": {},
      "lang": "js",
      "fileLocks": [
        {
          "assetId": "5dGW8Awro3qq8Hh5MveXLP",
          "type": "projectCss",
          "checksum": "853dbe64f7ebbe0fdaa1ab72cf5b53e6"
        }
      ],
      "codegenVersion": "0.0.1"
    },
    {
      "projectId": "58GpZjZCWTaJ8AUhpCwt2K",
      "version": "3.28.0",
      "dependencies": {},
      "lang": "js",
      "fileLocks": [
        {
          "assetId": "58GpZjZCWTaJ8AUhpCwt2K",
          "type": "projectCss",
          "checksum": "f0469e206244772473ab64f50be898f9"
        }
      ],
      "codegenVersion": "0.0.1"
    },
    {
      "projectId": "gmeH6XgPaBtkt51HunAo4g",
      "version": "18.14.0",
      "dependencies": {},
      "lang": "js",
      "fileLocks": [
        {
          "assetId": "gmeH6XgPaBtkt51HunAo4g",
          "type": "projectCss",
          "checksum": "1c02168c6b23256606111fdfdbb63549"
        }
      ],
      "codegenVersion": "0.0.1"
    }
  ],
  "cliVersion": "0.1.335"
}
